{
  "version": 4,
  "terraform_version": "1.1.3",
  "serial": 20,
  "lineage": "e9eddca1-4f36-97af-1938-d1dd3dd1b27a",
  "outputs": {},
  "resources": [
    {
      "mode": "managed",
      "type": "aws_vpc",
      "name": "main",
      "provider": "provider[\"registry.terraform.io/hashicorp/aws\"].east",
      "instances": [
        {
          "schema_version": 1,
          "attributes": {
            "arn": "arn:aws:ec2:us-east-1:851725565160:vpc/vpc-0d969ee6176be84a7",
            "assign_generated_ipv6_cidr_block": false,
            "cidr_block": "10.0.0.0/16",
            "default_network_acl_id": "acl-0042ce213b1fbc0a6",
            "default_route_table_id": "rtb-0f30f00f159c12018",
            "default_security_group_id": "sg-0739f719e2a193d25",
            "dhcp_options_id": "dopt-0d036a83f819c968d",
            "enable_dns_hostnames": false,
            "enable_dns_support": true,
            "enable_network_address_usage_metrics": false,
            "id": "vpc-0d969ee6176be84a7",
            "instance_tenancy": "default",
            "ipv4_ipam_pool_id": null,
            "ipv4_netmask_length": null,
            "ipv6_association_id": "",
            "ipv6_cidr_block": "",
            "ipv6_cidr_block_network_border_group": "",
            "ipv6_ipam_pool_id": "",
            "ipv6_netmask_length": 0,
            "main_route_table_id": "rtb-0f30f00f159c12018",
            "owner_id": "851725565160",
            "tags": {
              "Name": "test",
              "owner": "mohamed-swelam",
              "project": "dev"
            },
            "tags_all": {
              "Name": "test",
              "owner": "mohamed-swelam",
              "project": "dev"
            }
          },
          "sensitive_attributes": [],
          "private": "eyJzY2hlbWFfdmVyc2lvbiI6IjEifQ=="
        }
      ]
    },
    {
      "mode": "managed",
      "type": "aws_vpc",
      "name": "main02",
      "provider": "provider[\"registry.terraform.io/hashicorp/aws\"].west",
      "instances": [
        {
          "schema_version": 1,
          "attributes": {
            "arn": "arn:aws:ec2:us-west-2:851725565160:vpc/vpc-085546c8a439fedf4",
            "assign_generated_ipv6_cidr_block": false,
            "cidr_block": "10.0.0.0/16",
            "default_network_acl_id": "acl-0af8e4745b6b14617",
            "default_route_table_id": "rtb-03f0fcb0d131f4566",
            "default_security_group_id": "sg-0013ab8ed7bafb289",
            "dhcp_options_id": "dopt-0cf8cd2aa320db668",
            "enable_dns_hostnames": false,
            "enable_dns_support": true,
            "enable_network_address_usage_metrics": false,
            "id": "vpc-085546c8a439fedf4",
            "instance_tenancy": "default",
            "ipv4_ipam_pool_id": null,
            "ipv4_netmask_length": null,
            "ipv6_association_id": "",
            "ipv6_cidr_block": "",
            "ipv6_cidr_block_network_border_group": "",
            "ipv6_ipam_pool_id": "",
            "ipv6_netmask_length": 0,
            "main_route_table_id": "rtb-03f0fcb0d131f4566",
            "owner_id": "851725565160",
            "tags": {
              "Name": "vpc2",
              "owner": "mohamed-swelam",
              "project": "dev"
            },
            "tags_all": {
              "Name": "vpc2",
              "owner": "mohamed-swelam",
              "project": "dev"
            }
          },
          "sensitive_attributes": [],
          "private": "eyJzY2hlbWFfdmVyc2lvbiI6IjEifQ=="
        }
      ]
    },
    {
      "mode": "managed",
      "type": "local_file",
      "name": "foo",
      "provider": "provider[\"registry.terraform.io/hashicorp/local\"]",
      "instances": [
        {
          "schema_version": 0,
          "attributes": {
            "content": "we hate nti",
            "content_base64": null,
            "content_base64sha256": "6L2qni4iHBoZPhj/mj7Q7D26MWzaNWshFPQud/j0e5U=",
            "content_base64sha512": "na3IJNQ/CfuycguCP8qSA+j+2/4TEB+AYqGETKa7lnhuuuTaHCbiITqBLxPsrx3/lYxh20U89OsTw6Drng/tIg==",
            "content_md5": "cadadcda5a59a646b5c549865d3d51dc",
            "content_sha1": "e10c76de345f149a212f69e73ac927c7507e564e",
            "content_sha256": "e8bdaa9e2e221c1a193e18ff9a3ed0ec3dba316cda356b2114f42e77f8f47b95",
            "content_sha512": "9dadc824d43f09fbb2720b823fca9203e8fedbfe13101f8062a1844ca6bb96786ebae4da1c26e2213a812f13ecaf1dff958c61db453cf4eb13c3a0eb9e0fed22",
            "directory_permission": "0777",
            "file_permission": "0666",
            "filename": "./terraform",
            "id": "e10c76de345f149a212f69e73ac927c7507e564e",
            "sensitive_content": null,
            "source": null
          },
          "sensitive_attributes": []
        }
      ]
    }
  ]
}
